// !$*UTF8*$!
{
	archiveVersion = 1;
	classes = {
	};
	objectVersion = 50;
	objects = {

/* Begin PBXBuildFile section */
		2C35737D22BA983900BFF8B2 /* AppDelegate.swift in Sources */ = {isa = PBXBuildFile; fileRef = 2C35737C22BA983900BFF8B2 /* AppDelegate.swift */; };
		2C35738222BA983900BFF8B2 /* Main.storyboard in Resources */ = {isa = PBXBuildFile; fileRef = 2C35738022BA983900BFF8B2 /* Main.storyboard */; };
		2C35738522BA983900BFF8B2 /* PlaylistCoreData2.xcdatamodeld in Sources */ = {isa = PBXBuildFile; fileRef = 2C35738322BA983900BFF8B2 /* PlaylistCoreData2.xcdatamodeld */; };
		2C35738722BA983B00BFF8B2 /* Assets.xcassets in Resources */ = {isa = PBXBuildFile; fileRef = 2C35738622BA983B00BFF8B2 /* Assets.xcassets */; };
		2C35738A22BA983B00BFF8B2 /* LaunchScreen.storyboard in Resources */ = {isa = PBXBuildFile; fileRef = 2C35738822BA983B00BFF8B2 /* LaunchScreen.storyboard */; };
/* End PBXBuildFile section */

/* Begin PBXFileReference section */
		2C35737922BA983900BFF8B2 /* PlaylistCoreData2.app */ = {isa = PBXFileReference; explicitFileType = wrapper.application; includeInIndex = 0; path = PlaylistCoreData2.app; sourceTree = BUILT_PRODUCTS_DIR; };
		2C35737C22BA983900BFF8B2 /* AppDelegate.swift */ = {isa = PBXFileReference; lastKnownFileType = sourcecode.swift; path = AppDelegate.swift; sourceTree = "<group>"; };
		2C35738122BA983900BFF8B2 /* Base */ = {isa = PBXFileReference; lastKnownFileType = file.storyboard; name = Base; path = Base.lproj/Main.storyboard; sourceTree = "<group>"; };
		2C35738422BA983900BFF8B2 /* PlaylistCoreData2.xcdatamodel */ = {isa = PBXFileReference; lastKnownFileType = wrapper.xcdatamodel; path = PlaylistCoreData2.xcdatamodel; sourceTree = "<group>"; };
		2C35738622BA983B00BFF8B2 /* Assets.xcassets */ = {isa = PBXFileReference; lastKnownFileType = folder.assetcatalog; path = Assets.xcassets; sourceTree = "<group>"; };
		2C35738922BA983B00BFF8B2 /* Base */ = {isa = PBXFileReference; lastKnownFileType = file.storyboard; name = Base; path = Base.lproj/LaunchScreen.storyboard; sourceTree = "<group>"; };
		2C35738B22BA983B00BFF8B2 /* Info.plist */ = {isa = PBXFileReference; lastKnownFileType = text.plist.xml; path = Info.plist; sourceTree = "<group>"; };
/* End PBXFileReference section */

/* Begin PBXFrameworksBuildPhase section */
		2C35737622BA983900BFF8B2 /* Frameworks */ = {
			isa = PBXFrameworksBuildPhase;
			buildActionMask = 2147483647;
			files = (
			);
			runOnlyForDeploymentPostprocessing = 0;
		};
/* End PBXFrameworksBuildPhase section */

/* Begin PBXGroup section */
		2C35737022BA983900BFF8B2 = {
			isa = PBXGroup;
			children = (
				2C35737B22BA983900BFF8B2 /* PlaylistCoreData2 */,
				2C35737A22BA983900BFF8B2 /* Products */,
			);
			sourceTree = "<group>";
		};
		2C35737A22BA983900BFF8B2 /* Products */ = {
			isa = PBXGroup;
			children = (
				2C35737922BA983900BFF8B2 /* PlaylistCoreData2.app */,
			);
			name = Products;
			sourceTree = "<group>";
		};
		2C35737B22BA983900BFF8B2 /* PlaylistCoreData2 */ = {
			isa = PBXGroup;
			children = (
				2C35739622BA98D800BFF8B2 /* Views */,
				2C35739322BA988F00BFF8B2 /* Controllers */,
				2C35739222BA988900BFF8B2 /* Models */,
				2C35739122BA988200BFF8B2 /* Resources */,
			);
			path = PlaylistCoreData2;
			sourceTree = "<group>";
		};
		2C35739122BA988200BFF8B2 /* Resources */ = {
			isa = PBXGroup;
			children = (
				2C35737C22BA983900BFF8B2 /* AppDelegate.swift */,
				2C35738622BA983B00BFF8B2 /* Assets.xcassets */,
				2C35738822BA983B00BFF8B2 /* LaunchScreen.storyboard */,
				2C35738B22BA983B00BFF8B2 /* Info.plist */,
			);
			path = Resources;
			sourceTree = "<group>";
		};
		2C35739222BA988900BFF8B2 /* Models */ = {
			isa = PBXGroup;
			children = (
				2C35738322BA983900BFF8B2 /* PlaylistCoreData2.xcdatamodeld */,
			);
			path = Models;
			sourceTree = "<group>";
		};
		2C35739322BA988F00BFF8B2 /* Controllers */ = {
			isa = PBXGroup;
			children = (
				2C35739422BA989800BFF8B2 /* View Controllers */,
				2C35739522BA989F00BFF8B2 /* Model Controllers */,
			);
			path = Controllers;
			sourceTree = "<group>";
		};
		2C35739422BA989800BFF8B2 /* View Controllers */ = {
			isa = PBXGroup;
			children = (
			);
			path = "View Controllers";
			sourceTree = "<group>";
		};
		2C35739522BA989F00BFF8B2 /* Model Controllers */ = {
			isa = PBXGroup;
			children = (
			);
			path = "Model Controllers";
			sourceTree = "<group>";
		};
		2C35739622BA98D800BFF8B2 /* Views */ = {
			isa = PBXGroup;
			children = (
				2C35738022BA983900BFF8B2 /* Main.storyboard */,
			);
			path = Views;
			sourceTree = "<group>";
		};
/* End PBXGroup section */

/* Begin PBXNativeTarget section */
		2C35737822BA983900BFF8B2 /* PlaylistCoreData2 */ = {
			isa = PBXNativeTarget;
			buildConfigurationList = 2C35738E22BA983B00BFF8B2 /* Build configuration list for PBXNativeTarget "PlaylistCoreData2" */;
			buildPhases = (
				2C35737522BA983900BFF8B2 /* Sources */,
				2C35737622BA983900BFF8B2 /* Frameworks */,
				2C35737722BA983900BFF8B2 /* Resources */,
			);
			buildRules = (
			);
			dependencies = (
			);
			name = PlaylistCoreData2;
			productName = PlaylistCoreData2;
			productReference = 2C35737922BA983900BFF8B2 /* PlaylistCoreData2.app */;
			productType = "com.apple.product-type.application";
		};
/* End PBXNativeTarget section */

/* Begin PBXProject section */
		2C35737122BA983900BFF8B2 /* Project object */ = {
			isa = PBXProject;
			attributes = {
				LastSwiftUpdateCheck = 1020;
				LastUpgradeCheck = 1020;
				ORGANIZATIONNAME = "Darin Marcus Armstrong";
				TargetAttributes = {
					2C35737822BA983900BFF8B2 = {
						CreatedOnToolsVersion = 10.2.1;
					};
				};
			};
			buildConfigurationList = 2C35737422BA983900BFF8B2 /* Build configuration list for PBXProject "PlaylistCoreData2" */;
			compatibilityVersion = "Xcode 9.3";
			developmentRegion = en;
			hasScannedForEncodings = 0;
			knownRegions = (
				en,
				Base,
			);
			mainGroup = 2C35737022BA983900BFF8B2;
			productRefGroup = 2C35737A22BA983900BFF8B2 /* Products */;
			projectDirPath = "";
			projectRoot = "";
			targets = (
				2C35737822BA983900BFF8B2 /* PlaylistCoreData2 */,
			);
		};
/* End PBXProject section */

/* Begin PBXResourcesBuildPhase section */
		2C35737722BA983900BFF8B2 /* Resources */ = {
			isa = PBXResourcesBuildPhase;
			buildActionMask = 2147483647;
			files = (
				2C35738A22BA983B00BFF8B2 /* LaunchScreen.storyboard in Resources */,
				2C35738722BA983B00BFF8B2 /* Assets.xcassets in Resources */,
				2C35738222BA983900BFF8B2 /* Main.storyboard in Resources */,
			);
			runOnlyForDeploymentPostprocessing = 0;
		};
/* End PBXResourcesBuildPhase section */

/* Begin PBXSourcesBuildPhase section */
		2C35737522BA983900BFF8B2 /* Sources */ = {
			isa = PBXSourcesBuildPhase;
			buildActionMask = 2147483647;
			files = (
				2C35738522BA983900BFF8B2 /* PlaylistCoreData2.xcdatamodeld in Sources */,
				2C35737D22BA983900BFF8B2 /* AppDelegate.swift in Sources */,
			);
			runOnlyForDeploymentPostprocessing = 0;
		};
/* End PBXSourcesBuildPhase section */

/* Begin PBXVariantGroup section */
		2C35738022BA983900BFF8B2 /* Main.storyboard */ = {
			isa = PBXVariantGroup;
			children = (
				2C35738122BA983900BFF8B2 /* Base */,
			);
			name = Main.storyboard;
			sourceTree = "<group>";
		};
		2C35738822BA983B00BFF8B2 /* LaunchScreen.storyboard */ = {
			isa = PBXVariantGroup;
			children = (
				2C35738922BA983B00BFF8B2 /* Base */,
			);
			name = LaunchScreen.storyboard;
			sourceTree = "<group>";
		};
/* End PBXVariantGroup section */

/* Begin XCBuildConfiguration section */
		2C35738C22BA983B00BFF8B2 /* Debug */ = {
			isa = XCBuildConfiguration;
			buildSettings = {
				ALWAYS_SEARCH_USER_PATHS = NO;
				CLANG_ANALYZER_NONNULL = YES;
				CLANG_ANALYZER_NUMBER_OBJECT_CONVERSION = YES_AGGRESSIVE;
				CLANG_CXX_LANGUAGE_STANDARD = "gnu++14";
				CLANG_CXX_LIBRARY = "libc++";
				CLANG_ENABLE_MODULES = YES;
				CLANG_ENABLE_OBJC_ARC = YES;
				CLANG_ENABLE_OBJC_WEAK = YES;
				CLANG_WARN_BLOCK_CAPTURE_AUTORELEASING = YES;
				CLANG_WARN_BOOL_CONVERSION = YES;
				CLANG_WARN_COMMA = YES;
				CLANG_WARN_CONSTANT_CONVERSION = YES;
				CLANG_WARN_DEPRECATED_OBJC_IMPLEMENTATIONS = YES;
				CLANG_WARN_DIRECT_OBJC_ISA_USAGE = YES_ERROR;
				CLANG_WARN_DOCUMENTATION_COMMENTS = YES;
				CLANG_WARN_EMPTY_BODY = YES;
				CLANG_WARN_ENUM_CONVERSION = YES;
				CLANG_WARN_INFINITE_RECURSION = YES;
				CLANG_WARN_INT_CONVERSION = YES;
				CLANG_WARN_NON_LITERAL_NULL_CONVERSION = YES;
				CLANG_WARN_OBJC_IMPLICIT_RETAIN_SELF = YES;
				CLANG_WARN_OBJC_LITERAL_CONVERSION = YES;
				CLANG_WARN_OBJC_ROOT_CLASS = YES_ERROR;
				CLANG_WARN_RANGE_LOOP_ANALYSIS = YES;
				CLANG_WARN_STRICT_PROTOTYPES = YES;
				CLANG_WARN_SUSPICIOUS_MOVE = YES;
				CLANG_WARN_UNGUARDED_AVAILABILITY = YES_AGGRESSIVE;
				CLANG_WARN_UNREACHABLE_CODE = YES;
				CLANG_WARN__DUPLICATE_METHOD_MATCH = YES;
				CODE_SIGN_IDENTITY = "iPhone Developer";
				COPY_PHASE_STRIP = NO;
				DEBUG_INFORMATION_FORMAT = dwarf;
				ENABLE_STRICT_OBJC_MSGSEND = YES;
				ENABLE_TESTABILITY = YES;
				GCC_C_LANGUAGE_STANDARD = gnu11;
				GCC_DYNAMIC_NO_PIC = NO;
				GCC_NO_COMMON_BLOCKS = YES;
				GCC_OPTIMIZATION_LEVEL = 0;
				GCC_PREPROCESSOR_DEFINITIONS = (
					"DEBUG=1",
					"$(inherited)",
				);
				GCC_WARN_64_TO_32_BIT_CONVERSION = YES;
				GCC_WARN_ABOUT_RETURN_TYPE = YES_ERROR;
				GCC_WARN_UNDECLARED_SELECTOR = YES;
				GCC_WARN_UNINITIALIZED_AUTOS = YES_AGGRESSIVE;
				GCC_WARN_UNUSED_FUNCTION = YES;
				GCC_WARN_UNUSED_VARIABLE = YES;
				IPHONEOS_DEPLOYMENT_TARGET = 12.2;
				MTL_ENABLE_DEBUG_INFO = INCLUDE_SOURCE;
				MTL_FAST_MATH = YES;
				ONLY_ACTIVE_ARCH = YES;
				SDKROOT = iphoneos;
				SWIFT_ACTIVE_COMPILATION_CONDITIONS = DEBUG;
				SWIFT_OPTIMIZATION_LEVEL = "-Onone";
			};
			name = Debug;
		};
		2C35738D22BA983B00BFF8B2 /* Release */ = {
			isa = XCBuildConfiguration;
			buildSettings = {
				ALWAYS_SEARCH_USER_PATHS = NO;
				CLANG_ANALYZER_NONNULL = YES;
				CLANG_ANALYZER_NUMBER_OBJECT_CONVERSION = YES_AGGRESSIVE;
				CLANG_CXX_LANGUAGE_STANDARD = "gnu++14";
				CLANG_CXX_LIBRARY = "libc++";
				CLANG_ENABLE_MODULES = YES;
				CLANG_ENABLE_OBJC_ARC = YES;
				CLANG_ENABLE_OBJC_WEAK = YES;
				CLANG_WARN_BLOCK_CAPTURE_AUTORELEASING = YES;
				CLANG_WARN_BOOL_CONVERSION = YES;
				CLANG_WARN_COMMA = YES;
				CLANG_WARN_CONSTANT_CONVERSION = YES;
				CLANG_WARN_DEPRECATED_OBJC_IMPLEMENTATIONS = YES;
				CLANG_WARN_DIRECT_OBJC_ISA_USAGE = YES_ERROR;
				CLANG_WARN_DOCUMENTATION_COMMENTS = YES;
				CLANG_WARN_EMPTY_BODY = YES;
				CLANG_WARN_ENUM_CONVERSION = YES;
				CLANG_WARN_INFINITE_RECURSION = YES;
				CLANG_WARN_INT_CONVERSION = YES;
				CLANG_WARN_NON_LITERAL_NULL_CONVERSION = YES;
				CLANG_WARN_OBJC_IMPLICIT_RETAIN_SELF = YES;
				CLANG_WARN_OBJC_LITERAL_CONVERSION = YES;
				CLANG_WARN_OBJC_ROOT_CLASS = YES_ERROR;
				CLANG_WARN_RANGE_LOOP_ANALYSIS = YES;
				CLANG_WARN_STRICT_PROTOTYPES = YES;
				CLANG_WARN_SUSPICIOUS_MOVE = YES;
				CLANG_WARN_UNGUARDED_AVAILABILITY = YES_AGGRESSIVE;
				CLANG_WARN_UNREACHABLE_CODE = YES;
				CLANG_WARN__DUPLICATE_METHOD_MATCH = YES;
				CODE_SIGN_IDENTITY = "iPhone Developer";
				COPY_PHASE_STRIP = NO;
				DEBUG_INFORMATION_FORMAT = "dwarf-with-dsym";
				ENABLE_NS_ASSERTIONS = NO;
				ENABLE_STRICT_OBJC_MSGSEND = YES;
				GCC_C_LANGUAGE_STANDARD = gnu11;
				GCC_NO_COMMON_BLOCKS = YES;
				GCC_WARN_64_TO_32_BIT_CONVERSION = YES;
				GCC_WARN_ABOUT_RETURN_TYPE = YES_ERROR;
				GCC_WARN_UNDECLARED_SELECTOR = YES;
				GCC_WARN_UNINITIALIZED_AUTOS = YES_AGGRESSIVE;
				GCC_WARN_UNUSED_FUNCTION = YES;
				GCC_WARN_UNUSED_VARIABLE = YES;
				IPHONEOS_DEPLOYMENT_TARGET = 12.2;
				MTL_ENABLE_DEBUG_INFO = NO;
				MTL_FAST_MATH = YES;
				SDKROOT = iphoneos;
				SWIFT_COMPILATION_MODE = wholemodule;
				SWIFT_OPTIMIZATION_LEVEL = "-O";
				VALIDATE_PRODUCT = YES;
			};
			name = Release;
		};
		2C35738F22BA983B00BFF8B2 /* Debug */ = {
			isa = XCBuildConfiguration;
			buildSettings = {
				ASSETCATALOG_COMPILER_APPICON_NAME = AppIcon;
				CODE_SIGN_STYLE = Automatic;
				INFOPLIST_FILE = PlaylistCoreData2/Info.plist;
				LD_RUNPATH_SEARCH_PATHS = (
					"$(inherited)",
					"@executable_path/Frameworks",
				);
				PRODUCT_BUNDLE_IDENTIFIER = DMA.PlaylistCoreData2;
				PRODUCT_NAME = "$(TARGET_NAME)";
				SWIFT_VERSION = 5.0;
				TARGETED_DEVICE_FAMILY = "1,2";
			};
			name = Debug;
		};
		2C35739022BA983B00BFF8B2 /* Release */ = {
			isa = XCBuildConfiguration;
			buildSettings = {
				ASSETCATALOG_COMPILER_APPICON_NAME = AppIcon;
				CODE_SIGN_STYLE = Automatic;
				INFOPLIST_FILE = PlaylistCoreData2/Info.plist;
				LD_RUNPATH_SEARCH_PATHS = (
					"$(inherited)",
					"@executable_path/Frameworks",
				);
				PRODUCT_BUNDLE_IDENTIFIER = DMA.PlaylistCoreData2;
				PRODUCT_NAME = "$(TARGET_NAME)";
				SWIFT_VERSION = 5.0;
				TARGETED_DEVICE_FAMILY = "1,2";
			};
			name = Release;
		};
/* End XCBuildConfiguration section */

/* Begin XCConfigurationList section */
		2C35737422BA983900BFF8B2 /* Build configuration list for PBXProject "PlaylistCoreData2" */ = {
			isa = XCConfigurationList;
			buildConfigurations = (
				2C35738C22BA983B00BFF8B2 /* Debug */,
				2C35738D22BA983B00BFF8B2 /* Release */,
			);
			defaultConfigurationIsVisible = 0;
			defaultConfigurationName = Release;
		};
		2C35738E22BA983B00BFF8B2 /* Build configuration list for PBXNativeTarget "PlaylistCoreData2" */ = {
			isa = XCConfigurationList;
			buildConfigurations = (
				2C35738F22BA983B00BFF8B2 /* Debug */,
				2C35739022BA983B00BFF8B2 /* Release */,
			);
			defaultConfigurationIsVisible = 0;
			defaultConfigurationName = Release;
		};
/* End XCConfigurationList section */

/* Begin XCVersionGroup section */
		2C35738322BA983900BFF8B2 /* PlaylistCoreData2.xcdatamodeld */ = {
			isa = XCVersionGroup;
			children = (
				2C35738422BA983900BFF8B2 /* PlaylistCoreData2.xcdatamodel */,
			);
			currentVersion = 2C35738422BA983900BFF8B2 /* PlaylistCoreData2.xcdatamodel */;
			path = PlaylistCoreData2.xcdatamodeld;
			sourceTree = "<group>";
			versionGroupType = wrapper.xcdatamodel;
		};
/* End XCVersionGroup section */
	};
	rootObject = 2C35737122BA983900BFF8B2 /* Project object */;
}
